
Microsoft Visual Studio Solution File, Format Version 12.00
# Visual Studio 15
VisualStudioVersion = 15.0.27130.2027
MinimumVisualStudioVersion = 10.0.40219.1
Project("{FAE04EC0-301F-11D3-BF4B-00C04F79EFBC}") = "BLL", "BLL\BLL.csproj", "{F1A9A1C7-6526-4AEA-8F94-A849A19769BF}"
EndProject
Project("{FAE04EC0-301F-11D3-BF4B-00C04F79EFBC}") = "DAL", "DAL\DAL.csproj", "{6F47E8D0-D7C5-4E40-BF62-BBDC547042A5}"
EndProject
Project("{FAE04EC0-301F-11D3-BF4B-00C04F79EFBC}") = "Entidades", "Entidades\Entidades.csproj", "{87045B95-CD04-4994-9D1C-684AC969D371}"
EndProject
Project("{FAE04EC0-301F-11D3-BF4B-00C04F79EFBC}") = "BLLTests", "BLLTests\BLLTests.csproj", "{3129F1B1-DDDD-4989-8EC9-179C75B4CB04}"
EndProject
Global
	GlobalSection(SolutionConfigurationPlatforms) = preSolution
		Debug|Any CPU = Debug|Any CPU
		Release|Any CPU = Release|Any CPU
	EndGlobalSection
	GlobalSection(ProjectConfigurationPlatforms) = postSolution
		{F1A9A1C7-6526-4AEA-8F94-A849A19769BF}.Debug|Any CPU.ActiveCfg = Debug|Any CPU
		{F1A9A1C7-6526-4AEA-8F94-A849A19769BF}.Debug|Any CPU.Build.0 = Debug|Any CPU
		{F1A9A1C7-6526-4AEA-8F94-A849A19769BF}.Release|Any CPU.ActiveCfg = Release|Any CPU
		{F1A9A1C7-6526-4AEA-8F94-A849A19769BF}.Release|Any CPU.Build.0 = Release|Any CPU
		{6F47E8D0-D7C5-4E40-BF62-BBDC547042A5}.Debug|Any CPU.ActiveCfg = Debug|Any CPU
		{6F47E8D0-D7C5-4E40-BF62-BBDC547042A5}.Debug|Any CPU.Build.0 = Debug|Any CPU
		{6F47E8D0-D7C5-4E40-BF62-BBDC547042A5}.Release|Any CPU.ActiveCfg = Release|Any CPU
		{6F47E8D0-D7C5-4E40-BF62-BBDC547042A5}.Release|Any CPU.Build.0 = Release|Any CPU
		{87045B95-CD04-4994-9D1C-684AC969D371}.Debug|Any CPU.ActiveCfg = Debug|Any CPU
		{87045B95-CD04-4994-9D1C-684AC969D371}.Debug|Any CPU.Build.0 = Debug|Any CPU
		{87045B95-CD04-4994-9D1C-684AC969D371}.Release|Any CPU.ActiveCfg = Release|Any CPU
		{87045B95-CD04-4994-9D1C-684AC969D371}.Release|Any CPU.Build.0 = Release|Any CPU
		{3129F1B1-DDDD-4989-8EC9-179C75B4CB04}.Debug|Any CPU.ActiveCfg = Debug|Any CPU
		{3129F1B1-DDDD-4989-8EC9-179C75B4CB04}.Debug|Any CPU.Build.0 = Debug|Any CPU
		{3129F1B1-DDDD-4989-8EC9-179C75B4CB04}.Release|Any CPU.ActiveCfg = Release|Any CPU
		{3129F1B1-DDDD-4989-8EC9-179C75B4CB04}.Release|Any CPU.Build.0 = Release|Any CPU
	EndGlobalSection
	GlobalSection(SolutionProperties) = preSolution
		HideSolutionNode = FALSE
	EndGlobalSection
	GlobalSection(ExtensibilityGlobals) = postSolution
		SolutionGuid = {59C10D38-FFE9-4519-8563-9B43191E25E8}
	EndGlobalSection
EndGlobal
